// !$*UTF8*$!
{
	archiveVersion = 1;
	classes = {
	};
	objectVersion = 56;
	objects = {

/* Begin PBXBuildFile section */
		04A8D55A2ADB937A00393B28 /* W5_Flag_Quiz_GameApp.swift in Sources */ = {isa = PBXBuildFile; fileRef = 04A8D5592ADB937A00393B28 /* W5_Flag_Quiz_GameApp.swift */; };
		04A8D55C2ADB937A00393B28 /* ContentView.swift in Sources */ = {isa = PBXBuildFile; fileRef = 04A8D55B2ADB937A00393B28 /* ContentView.swift */; };
		04A8D55E2ADB937B00393B28 /* Assets.xcassets in Resources */ = {isa = PBXBuildFile; fileRef = 04A8D55D2ADB937B00393B28 /* Assets.xcassets */; };
		04A8D5612ADB937B00393B28 /* Preview Assets.xcassets in Resources */ = {isa = PBXBuildFile; fileRef = 04A8D5602ADB937B00393B28 /* Preview Assets.xcassets */; };
		04A8D56B2ADB937C00393B28 /* W5_Flag_Quiz_GameTests.swift in Sources */ = {isa = PBXBuildFile; fileRef = 04A8D56A2ADB937C00393B28 /* W5_Flag_Quiz_GameTests.swift */; };
		04A8D5752ADB937C00393B28 /* W5_Flag_Quiz_GameUITests.swift in Sources */ = {isa = PBXBuildFile; fileRef = 04A8D5742ADB937C00393B28 /* W5_Flag_Quiz_GameUITests.swift */; };
		04A8D5772ADB937C00393B28 /* W5_Flag_Quiz_GameUITestsLaunchTests.swift in Sources */ = {isa = PBXBuildFile; fileRef = 04A8D5762ADB937C00393B28 /* W5_Flag_Quiz_GameUITestsLaunchTests.swift */; };
/* End PBXBuildFile section */

/* Begin PBXContainerItemProxy section */
		04A8D5672ADB937C00393B28 /* PBXContainerItemProxy */ = {
			isa = PBXContainerItemProxy;
			containerPortal = 04A8D54E2ADB937900393B28 /* Project object */;
			proxyType = 1;
			remoteGlobalIDString = 04A8D5552ADB937900393B28;
			remoteInfo = "W5_Flag Quiz Game";
		};
		04A8D5712ADB937C00393B28 /* PBXContainerItemProxy */ = {
			isa = PBXContainerItemProxy;
			containerPortal = 04A8D54E2ADB937900393B28 /* Project object */;
			proxyType = 1;
			remoteGlobalIDString = 04A8D5552ADB937900393B28;
			remoteInfo = "W5_Flag Quiz Game";
		};
/* End PBXContainerItemProxy section */

/* Begin PBXFileReference section */
		04A8D5562ADB937900393B28 /* W5_Flag Quiz Game.app */ = {isa = PBXFileReference; explicitFileType = wrapper.application; includeInIndex = 0; path = "W5_Flag Quiz Game.app"; sourceTree = BUILT_PRODUCTS_DIR; };
		04A8D5592ADB937A00393B28 /* W5_Flag_Quiz_GameApp.swift */ = {isa = PBXFileReference; lastKnownFileType = sourcecode.swift; path = W5_Flag_Quiz_GameApp.swift; sourceTree = "<group>"; };
		04A8D55B2ADB937A00393B28 /* ContentView.swift */ = {isa = PBXFileReference; lastKnownFileType = sourcecode.swift; path = ContentView.swift; sourceTree = "<group>"; };
		04A8D55D2ADB937B00393B28 /* Assets.xcassets */ = {isa = PBXFileReference; lastKnownFileType = folder.assetcatalog; path = Assets.xcassets; sourceTree = "<group>"; };
		04A8D5602ADB937B00393B28 /* Preview Assets.xcassets */ = {isa = PBXFileReference; lastKnownFileType = folder.assetcatalog; path = "Preview Assets.xcassets"; sourceTree = "<group>"; };
		04A8D5662ADB937C00393B28 /* W5_Flag Quiz GameTests.xctest */ = {isa = PBXFileReference; explicitFileType = wrapper.cfbundle; includeInIndex = 0; path = "W5_Flag Quiz GameTests.xctest"; sourceTree = BUILT_PRODUCTS_DIR; };
		04A8D56A2ADB937C00393B28 /* W5_Flag_Quiz_GameTests.swift */ = {isa = PBXFileReference; lastKnownFileType = sourcecode.swift; path = W5_Flag_Quiz_GameTests.swift; sourceTree = "<group>"; };
		04A8D5702ADB937C00393B28 /* W5_Flag Quiz GameUITests.xctest */ = {isa = PBXFileReference; explicitFileType = wrapper.cfbundle; includeInIndex = 0; path = "W5_Flag Quiz GameUITests.xctest"; sourceTree = BUILT_PRODUCTS_DIR; };
		04A8D5742ADB937C00393B28 /* W5_Flag_Quiz_GameUITests.swift */ = {isa = PBXFileReference; lastKnownFileType = sourcecode.swift; path = W5_Flag_Quiz_GameUITests.swift; sourceTree = "<group>"; };
		04A8D5762ADB937C00393B28 /* W5_Flag_Quiz_GameUITestsLaunchTests.swift */ = {isa = PBXFileReference; lastKnownFileType = sourcecode.swift; path = W5_Flag_Quiz_GameUITestsLaunchTests.swift; sourceTree = "<group>"; };
/* End PBXFileReference section */

/* Begin PBXFrameworksBuildPhase section */
		04A8D5532ADB937900393B28 /* Frameworks */ = {
			isa = PBXFrameworksBuildPhase;
			buildActionMask = 2147483647;
			files = (
			);
			runOnlyForDeploymentPostprocessing = 0;
		};
		04A8D5632ADB937C00393B28 /* Frameworks */ = {
			isa = PBXFrameworksBuildPhase;
			buildActionMask = 2147483647;
			files = (
			);
			runOnlyForDeploymentPostprocessing = 0;
		};
		04A8D56D2ADB937C00393B28 /* Frameworks */ = {
			isa = PBXFrameworksBuildPhase;
			buildActionMask = 2147483647;
			files = (
			);
			runOnlyForDeploymentPostprocessing = 0;
		};
/* End PBXFrameworksBuildPhase section */

/* Begin PBXGroup section */
		04A8D54D2ADB937900393B28 = {
			isa = PBXGroup;
			children = (
				04A8D5582ADB937900393B28 /* W5_Flag Quiz Game */,
				04A8D5692ADB937C00393B28 /* W5_Flag Quiz GameTests */,
				04A8D5732ADB937C00393B28 /* W5_Flag Quiz GameUITests */,
				04A8D5572ADB937900393B28 /* Products */,
			);
			sourceTree = "<group>";
		};
		04A8D5572ADB937900393B28 /* Products */ = {
			isa = PBXGroup;
			children = (
				04A8D5562ADB937900393B28 /* W5_Flag Quiz Game.app */,
				04A8D5662ADB937C00393B28 /* W5_Flag Quiz GameTests.xctest */,
				04A8D5702ADB937C00393B28 /* W5_Flag Quiz GameUITests.xctest */,
			);
			name = Products;
			sourceTree = "<group>";
		};
		04A8D5582ADB937900393B28 /* W5_Flag Quiz Game */ = {
			isa = PBXGroup;
			children = (
				04A8D5592ADB937A00393B28 /* W5_Flag_Quiz_GameApp.swift */,
				04A8D55B2ADB937A00393B28 /* ContentView.swift */,
				04A8D55D2ADB937B00393B28 /* Assets.xcassets */,
				04A8D55F2ADB937B00393B28 /* Preview Content */,
			);
			path = "W5_Flag Quiz Game";
			sourceTree = "<group>";
		};
		04A8D55F2ADB937B00393B28 /* Preview Content */ = {
			isa = PBXGroup;
			children = (
				04A8D5602ADB937B00393B28 /* Preview Assets.xcassets */,
			);
			path = "Preview Content";
			sourceTree = "<group>";
		};
		04A8D5692ADB937C00393B28 /* W5_Flag Quiz GameTests */ = {
			isa = PBXGroup;
			children = (
				04A8D56A2ADB937C00393B28 /* W5_Flag_Quiz_GameTests.swift */,
			);
			path = "W5_Flag Quiz GameTests";
			sourceTree = "<group>";
		};
		04A8D5732ADB937C00393B28 /* W5_Flag Quiz GameUITests */ = {
			isa = PBXGroup;
			children = (
				04A8D5742ADB937C00393B28 /* W5_Flag_Quiz_GameUITests.swift */,
				04A8D5762ADB937C00393B28 /* W5_Flag_Quiz_GameUITestsLaunchTests.swift */,
			);
			path = "W5_Flag Quiz GameUITests";
			sourceTree = "<group>";
		};
/* End PBXGroup section */

/* Begin PBXNativeTarget section */
		04A8D5552ADB937900393B28 /* W5_Flag Quiz Game */ = {
			isa = PBXNativeTarget;
			buildConfigurationList = 04A8D57A2ADB937C00393B28 /* Build configuration list for PBXNativeTarget "W5_Flag Quiz Game" */;
			buildPhases = (
				04A8D5522ADB937900393B28 /* Sources */,
				04A8D5532ADB937900393B28 /* Frameworks */,
				04A8D5542ADB937900393B28 /* Resources */,
			);
			buildRules = (
			);
			dependencies = (
			);
			name = "W5_Flag Quiz Game";
			productName = "W5_Flag Quiz Game";
			productReference = 04A8D5562ADB937900393B28 /* W5_Flag Quiz Game.app */;
			productType = "com.apple.product-type.application";
		};
		04A8D5652ADB937C00393B28 /* W5_Flag Quiz GameTests */ = {
			isa = PBXNativeTarget;
			buildConfigurationList = 04A8D57D2ADB937C00393B28 /* Build configuration list for PBXNativeTarget "W5_Flag Quiz GameTests" */;
			buildPhases = (
				04A8D5622ADB937C00393B28 /* Sources */,
				04A8D5632ADB937C00393B28 /* Frameworks */,
				04A8D5642ADB937C00393B28 /* Resources */,
			);
			buildRules = (
			);
			dependencies = (
				04A8D5682ADB937C00393B28 /* PBXTargetDependency */,
			);
			name = "W5_Flag Quiz GameTests";
			productName = "W5_Flag Quiz GameTests";
			productReference = 04A8D5662ADB937C00393B28 /* W5_Flag Quiz GameTests.xctest */;
			productType = "com.apple.product-type.bundle.unit-test";
		};
		04A8D56F2ADB937C00393B28 /* W5_Flag Quiz GameUITests */ = {
			isa = PBXNativeTarget;
			buildConfigurationList = 04A8D5802ADB937C00393B28 /* Build configuration list for PBXNativeTarget "W5_Flag Quiz GameUITests" */;
			buildPhases = (
				04A8D56C2ADB937C00393B28 /* Sources */,
				04A8D56D2ADB937C00393B28 /* Frameworks */,
				04A8D56E2ADB937C00393B28 /* Resources */,
			);
			buildRules = (
			);
			dependencies = (
				04A8D5722ADB937C00393B28 /* PBXTargetDependency */,
			);
			name = "W5_Flag Quiz GameUITests";
			productName = "W5_Flag Quiz GameUITests";
			productReference = 04A8D5702ADB937C00393B28 /* W5_Flag Quiz GameUITests.xctest */;
			productType = "com.apple.product-type.bundle.ui-testing";
		};
/* End PBXNativeTarget section */

/* Begin PBXProject section */
		04A8D54E2ADB937900393B28 /* Project object */ = {
			isa = PBXProject;
			attributes = {
				BuildIndependentTargetsInParallel = 1;
				LastSwiftUpdateCheck = 1430;
				LastUpgradeCheck = 1430;
				TargetAttributes = {
					04A8D5552ADB937900393B28 = {
						CreatedOnToolsVersion = 14.3;
					};
					04A8D5652ADB937C00393B28 = {
						CreatedOnToolsVersion = 14.3;
						TestTargetID = 04A8D5552ADB937900393B28;
					};
					04A8D56F2ADB937C00393B28 = {
						CreatedOnToolsVersion = 14.3;
						TestTargetID = 04A8D5552ADB937900393B28;
					};
				};
			};
			buildConfigurationList = 04A8D5512ADB937900393B28 /* Build configuration list for PBXProject "W5_Flag Quiz Game" */;
			compatibilityVersion = "Xcode 14.0";
			developmentRegion = en;
			hasScannedForEncodings = 0;
			knownRegions = (
				en,
				Base,
			);
			mainGroup = 04A8D54D2ADB937900393B28;
			productRefGroup = 04A8D5572ADB937900393B28 /* Products */;
			projectDirPath = "";
			projectRoot = "";
			targets = (
				04A8D5552ADB937900393B28 /* W5_Flag Quiz Game */,
				04A8D5652ADB937C00393B28 /* W5_Flag Quiz GameTests */,
				04A8D56F2ADB937C00393B28 /* W5_Flag Quiz GameUITests */,
			);
		};
/* End PBXProject section */

/* Begin PBXResourcesBuildPhase section */
		04A8D5542ADB937900393B28 /* Resources */ = {
			isa = PBXResourcesBuildPhase;
			buildActionMask = 2147483647;
			files = (
				04A8D5612ADB937B00393B28 /* Preview Assets.xcassets in Resources */,
				04A8D55E2ADB937B00393B28 /* Assets.xcassets in Resources */,
			);
			runOnlyForDeploymentPostprocessing = 0;
		};
		04A8D5642ADB937C00393B28 /* Resources */ = {
			isa = PBXResourcesBuildPhase;
			buildActionMask = 2147483647;
			files = (
			);
			runOnlyForDeploymentPostprocessing = 0;
		};
		04A8D56E2ADB937C00393B28 /* Resources */ = {
			isa = PBXResourcesBuildPhase;
			buildActionMask = 2147483647;
			files = (
			);
			runOnlyForDeploymentPostprocessing = 0;
		};
/* End PBXResourcesBuildPhase section */

/* Begin PBXSourcesBuildPhase section */
		04A8D5522ADB937900393B28 /* Sources */ = {
			isa = PBXSourcesBuildPhase;
			buildActionMask = 2147483647;
			files = (
				04A8D55C2ADB937A00393B28 /* ContentView.swift in Sources */,
				04A8D55A2ADB937A00393B28 /* W5_Flag_Quiz_GameApp.swift in Sources */,
			);
			runOnlyForDeploymentPostprocessing = 0;
		};
		04A8D5622ADB937C00393B28 /* Sources */ = {
			isa = PBXSourcesBuildPhase;
			buildActionMask = 2147483647;
			files = (
				04A8D56B2ADB937C00393B28 /* W5_Flag_Quiz_GameTests.swift in Sources */,
			);
			runOnlyForDeploymentPostprocessing = 0;
		};
		04A8D56C2ADB937C00393B28 /* Sources */ = {
			isa = PBXSourcesBuildPhase;
			buildActionMask = 2147483647;
			files = (
				04A8D5752ADB937C00393B28 /* W5_Flag_Quiz_GameUITests.swift in Sources */,
				04A8D5772ADB937C00393B28 /* W5_Flag_Quiz_GameUITestsLaunchTests.swift in Sources */,
			);
			runOnlyForDeploymentPostprocessing = 0;
		};
/* End PBXSourcesBuildPhase section */

/* Begin PBXTargetDependency section */
		04A8D5682ADB937C00393B28 /* PBXTargetDependency */ = {
			isa = PBXTargetDependency;
			target = 04A8D5552ADB937900393B28 /* W5_Flag Quiz Game */;
			targetProxy = 04A8D5672ADB937C00393B28 /* PBXContainerItemProxy */;
		};
		04A8D5722ADB937C00393B28 /* PBXTargetDependency */ = {
			isa = PBXTargetDependency;
			target = 04A8D5552ADB937900393B28 /* W5_Flag Quiz Game */;
			targetProxy = 04A8D5712ADB937C00393B28 /* PBXContainerItemProxy */;
		};
/* End PBXTargetDependency section */

/* Begin XCBuildConfiguration section */
		04A8D5782ADB937C00393B28 /* Debug */ = {
			isa = XCBuildConfiguration;
			buildSettings = {
				ALWAYS_SEARCH_USER_PATHS = NO;
				CLANG_ANALYZER_NONNULL = YES;
				CLANG_ANALYZER_NUMBER_OBJECT_CONVERSION = YES_AGGRESSIVE;
				CLANG_CXX_LANGUAGE_STANDARD = "gnu++20";
				CLANG_ENABLE_MODULES = YES;
				CLANG_ENABLE_OBJC_ARC = YES;
				CLANG_ENABLE_OBJC_WEAK = YES;
				CLANG_WARN_BLOCK_CAPTURE_AUTORELEASING = YES;
				CLANG_WARN_BOOL_CONVERSION = YES;
				CLANG_WARN_COMMA = YES;
				CLANG_WARN_CONSTANT_CONVERSION = YES;
				CLANG_WARN_DEPRECATED_OBJC_IMPLEMENTATIONS = YES;
				CLANG_WARN_DIRECT_OBJC_ISA_USAGE = YES_ERROR;
				CLANG_WARN_DOCUMENTATION_COMMENTS = YES;
				CLANG_WARN_EMPTY_BODY = YES;
				CLANG_WARN_ENUM_CONVERSION = YES;
				CLANG_WARN_INFINITE_RECURSION = YES;
				CLANG_WARN_INT_CONVERSION = YES;
				CLANG_WARN_NON_LITERAL_NULL_CONVERSION = YES;
				CLANG_WARN_OBJC_IMPLICIT_RETAIN_SELF = YES;
				CLANG_WARN_OBJC_LITERAL_CONVERSION = YES;
				CLANG_WARN_OBJC_ROOT_CLASS = YES_ERROR;
				CLANG_WARN_QUOTED_INCLUDE_IN_FRAMEWORK_HEADER = YES;
				CLANG_WARN_RANGE_LOOP_ANALYSIS = YES;
				CLANG_WARN_STRICT_PROTOTYPES = YES;
				CLANG_WARN_SUSPICIOUS_MOVE = YES;
				CLANG_WARN_UNGUARDED_AVAILABILITY = YES_AGGRESSIVE;
				CLANG_WARN_UNREACHABLE_CODE = YES;
				CLANG_WARN__DUPLICATE_METHOD_MATCH = YES;
				COPY_PHASE_STRIP = NO;
				DEBUG_INFORMATION_FORMAT = dwarf;
				ENABLE_STRICT_OBJC_MSGSEND = YES;
				ENABLE_TESTABILITY = YES;
				GCC_C_LANGUAGE_STANDARD = gnu11;
				GCC_DYNAMIC_NO_PIC = NO;
				GCC_NO_COMMON_BLOCKS = YES;
				GCC_OPTIMIZATION_LEVEL = 0;
				GCC_PREPROCESSOR_DEFINITIONS = (
					"DEBUG=1",
					"$(inherited)",
				);
				GCC_WARN_64_TO_32_BIT_CONVERSION = YES;
				GCC_WARN_ABOUT_RETURN_TYPE = YES_ERROR;
				GCC_WARN_UNDECLARED_SELECTOR = YES;
				GCC_WARN_UNINITIALIZED_AUTOS = YES_AGGRESSIVE;
				GCC_WARN_UNUSED_FUNCTION = YES;
				GCC_WARN_UNUSED_VARIABLE = YES;
				IPHONEOS_DEPLOYMENT_TARGET = 16.4;
				MTL_ENABLE_DEBUG_INFO = INCLUDE_SOURCE;
				MTL_FAST_MATH = YES;
				ONLY_ACTIVE_ARCH = YES;
				SDKROOT = iphoneos;
				SWIFT_ACTIVE_COMPILATION_CONDITIONS = DEBUG;
				SWIFT_OPTIMIZATION_LEVEL = "-Onone";
			};
			name = Debug;
		};
		04A8D5792ADB937C00393B28 /* Release */ = {
			isa = XCBuildConfiguration;
			buildSettings = {
				ALWAYS_SEARCH_USER_PATHS = NO;
				CLANG_ANALYZER_NONNULL = YES;
				CLANG_ANALYZER_NUMBER_OBJECT_CONVERSION = YES_AGGRESSIVE;
				CLANG_CXX_LANGUAGE_STANDARD = "gnu++20";
				CLANG_ENABLE_MODULES = YES;
				CLANG_ENABLE_OBJC_ARC = YES;
				CLANG_ENABLE_OBJC_WEAK = YES;
				CLANG_WARN_BLOCK_CAPTURE_AUTORELEASING = YES;
				CLANG_WARN_BOOL_CONVERSION = YES;
				CLANG_WARN_COMMA = YES;
				CLANG_WARN_CONSTANT_CONVERSION = YES;
				CLANG_WARN_DEPRECATED_OBJC_IMPLEMENTATIONS = YES;
				CLANG_WARN_DIRECT_OBJC_ISA_USAGE = YES_ERROR;
				CLANG_WARN_DOCUMENTATION_COMMENTS = YES;
				CLANG_WARN_EMPTY_BODY = YES;
				CLANG_WARN_ENUM_CONVERSION = YES;
				CLANG_WARN_INFINITE_RECURSION = YES;
				CLANG_WARN_INT_CONVERSION = YES;
				CLANG_WARN_NON_LITERAL_NULL_CONVERSION = YES;
				CLANG_WARN_OBJC_IMPLICIT_RETAIN_SELF = YES;
				CLANG_WARN_OBJC_LITERAL_CONVERSION = YES;
				CLANG_WARN_OBJC_ROOT_CLASS = YES_ERROR;
				CLANG_WARN_QUOTED_INCLUDE_IN_FRAMEWORK_HEADER = YES;
				CLANG_WARN_RANGE_LOOP_ANALYSIS = YES;
				CLANG_WARN_STRICT_PROTOTYPES = YES;
				CLANG_WARN_SUSPICIOUS_MOVE = YES;
				CLANG_WARN_UNGUARDED_AVAILABILITY = YES_AGGRESSIVE;
				CLANG_WARN_UNREACHABLE_CODE = YES;
				CLANG_WARN__DUPLICATE_METHOD_MATCH = YES;
				COPY_PHASE_STRIP = NO;
				DEBUG_INFORMATION_FORMAT = "dwarf-with-dsym";
				ENABLE_NS_ASSERTIONS = NO;
				ENABLE_STRICT_OBJC_MSGSEND = YES;
				GCC_C_LANGUAGE_STANDARD = gnu11;
				GCC_NO_COMMON_BLOCKS = YES;
				GCC_WARN_64_TO_32_BIT_CONVERSION = YES;
				GCC_WARN_ABOUT_RETURN_TYPE = YES_ERROR;
				GCC_WARN_UNDECLARED_SELECTOR = YES;
				GCC_WARN_UNINITIALIZED_AUTOS = YES_AGGRESSIVE;
				GCC_WARN_UNUSED_FUNCTION = YES;
				GCC_WARN_UNUSED_VARIABLE = YES;
				IPHONEOS_DEPLOYMENT_TARGET = 16.4;
				MTL_ENABLE_DEBUG_INFO = NO;
				MTL_FAST_MATH = YES;
				SDKROOT = iphoneos;
				SWIFT_COMPILATION_MODE = wholemodule;
				SWIFT_OPTIMIZATION_LEVEL = "-O";
				VALIDATE_PRODUCT = YES;
			};
			name = Release;
		};
		04A8D57B2ADB937C00393B28 /* Debug */ = {
			isa = XCBuildConfiguration;
			buildSettings = {
				ASSETCATALOG_COMPILER_APPICON_NAME = AppIcon;
				ASSETCATALOG_COMPILER_GLOBAL_ACCENT_COLOR_NAME = AccentColor;
				CODE_SIGN_STYLE = Automatic;
				CURRENT_PROJECT_VERSION = 1;
				DEVELOPMENT_ASSET_PATHS = "\"W5_Flag Quiz Game/Preview Content\"";
				ENABLE_PREVIEWS = YES;
				GENERATE_INFOPLIST_FILE = YES;
				INFOPLIST_KEY_UIApplicationSceneManifest_Generation = YES;
				INFOPLIST_KEY_UIApplicationSupportsIndirectInputEvents = YES;
				INFOPLIST_KEY_UILaunchScreen_Generation = YES;
				INFOPLIST_KEY_UISupportedInterfaceOrientations_iPad = "UIInterfaceOrientationPortrait UIInterfaceOrientationPortraitUpsideDown UIInterfaceOrientationLandscapeLeft UIInterfaceOrientationLandscapeRight";
				INFOPLIST_KEY_UISupportedInterfaceOrientations_iPhone = "UIInterfaceOrientationPortrait UIInterfaceOrientationLandscapeLeft UIInterfaceOrientationLandscapeRight";
				LD_RUNPATH_SEARCH_PATHS = (
					"$(inherited)",
					"@executable_path/Frameworks",
				);
				MARKETING_VERSION = 1.0;
				PRODUCT_BUNDLE_IDENTIFIER = "Gwen.W5-Flag-Quiz-Game";
				PRODUCT_NAME = "$(TARGET_NAME)";
				SWIFT_EMIT_LOC_STRINGS = YES;
				SWIFT_VERSION = 5.0;
				TARGETED_DEVICE_FAMILY = "1,2";
			};
			name = Debug;
		};
		04A8D57C2ADB937C00393B28 /* Release */ = {
			isa = XCBuildConfiguration;
			buildSettings = {
				ASSETCATALOG_COMPILER_APPICON_NAME = AppIcon;
				ASSETCATALOG_COMPILER_GLOBAL_ACCENT_COLOR_NAME = AccentColor;
				CODE_SIGN_STYLE = Automatic;
				CURRENT_PROJECT_VERSION = 1;
				DEVELOPMENT_ASSET_PATHS = "\"W5_Flag Quiz Game/Preview Content\"";
				ENABLE_PREVIEWS = YES;
				GENERATE_INFOPLIST_FILE = YES;
				INFOPLIST_KEY_UIApplicationSceneManifest_Generation = YES;
				INFOPLIST_KEY_UIApplicationSupportsIndirectInputEvents = YES;
				INFOPLIST_KEY_UILaunchScreen_Generation = YES;
				INFOPLIST_KEY_UISupportedInterfaceOrientations_iPad = "UIInterfaceOrientationPortrait UIInterfaceOrientationPortraitUpsideDown UIInterfaceOrientationLandscapeLeft UIInterfaceOrientationLandscapeRight";
				INFOPLIST_KEY_UISupportedInterfaceOrientations_iPhone = "UIInterfaceOrientationPortrait UIInterfaceOrientationLandscapeLeft UIInterfaceOrientationLandscapeRight";
				LD_RUNPATH_SEARCH_PATHS = (
					"$(inherited)",
					"@executable_path/Frameworks",
				);
				MARKETING_VERSION = 1.0;
				PRODUCT_BUNDLE_IDENTIFIER = "Gwen.W5-Flag-Quiz-Game";
				PRODUCT_NAME = "$(TARGET_NAME)";
				SWIFT_EMIT_LOC_STRINGS = YES;
				SWIFT_VERSION = 5.0;
				TARGETED_DEVICE_FAMILY = "1,2";
			};
			name = Release;
		};
		04A8D57E2ADB937C00393B28 /* Debug */ = {
			isa = XCBuildConfiguration;
			buildSettings = {
				ALWAYS_EMBED_SWIFT_STANDARD_LIBRARIES = YES;
				BUNDLE_LOADER = "$(TEST_HOST)";
				CODE_SIGN_STYLE = Automatic;
				CURRENT_PROJECT_VERSION = 1;
				GENERATE_INFOPLIST_FILE = YES;
				IPHONEOS_DEPLOYMENT_TARGET = 16.4;
				MARKETING_VERSION = 1.0;
				PRODUCT_BUNDLE_IDENTIFIER = "Gwen.W5-Flag-Quiz-GameTests";
				PRODUCT_NAME = "$(TARGET_NAME)";
				SWIFT_EMIT_LOC_STRINGS = NO;
				SWIFT_VERSION = 5.0;
				TARGETED_DEVICE_FAMILY = "1,2";
				TEST_HOST = "$(BUILT_PRODUCTS_DIR)/W5_Flag Quiz Game.app/$(BUNDLE_EXECUTABLE_FOLDER_PATH)/W5_Flag Quiz Game";
			};
			name = Debug;
		};
		04A8D57F2ADB937C00393B28 /* Release */ = {
			isa = XCBuildConfiguration;
			buildSettings = {
				ALWAYS_EMBED_SWIFT_STANDARD_LIBRARIES = YES;
				BUNDLE_LOADER = "$(TEST_HOST)";
				CODE_SIGN_STYLE = Automatic;
				CURRENT_PROJECT_VERSION = 1;
				GENERATE_INFOPLIST_FILE = YES;
				IPHONEOS_DEPLOYMENT_TARGET = 16.4;
				MARKETING_VERSION = 1.0;
				PRODUCT_BUNDLE_IDENTIFIER = "Gwen.W5-Flag-Quiz-GameTests";
				PRODUCT_NAME = "$(TARGET_NAME)";
				SWIFT_EMIT_LOC_STRINGS = NO;
				SWIFT_VERSION = 5.0;
				TARGETED_DEVICE_FAMILY = "1,2";
				TEST_HOST = "$(BUILT_PRODUCTS_DIR)/W5_Flag Quiz Game.app/$(BUNDLE_EXECUTABLE_FOLDER_PATH)/W5_Flag Quiz Game";
			};
			name = Release;
		};
		04A8D5812ADB937C00393B28 /* Debug */ = {
			isa = XCBuildConfiguration;
			buildSettings = {
				ALWAYS_EMBED_SWIFT_STANDARD_LIBRARIES = YES;
				CODE_SIGN_STYLE = Automatic;
				CURRENT_PROJECT_VERSION = 1;
				GENERATE_INFOPLIST_FILE = YES;
				MARKETING_VERSION = 1.0;
				PRODUCT_BUNDLE_IDENTIFIER = "Gwen.W5-Flag-Quiz-GameUITests";
				PRODUCT_NAME = "$(TARGET_NAME)";
				SWIFT_EMIT_LOC_STRINGS = NO;
				SWIFT_VERSION = 5.0;
				TARGETED_DEVICE_FAMILY = "1,2";
				TEST_TARGET_NAME = "W5_Flag Quiz Game";
			};
			name = Debug;
		};
		04A8D5822ADB937C00393B28 /* Release */ = {
			isa = XCBuildConfiguration;
			buildSettings = {
				ALWAYS_EMBED_SWIFT_STANDARD_LIBRARIES = YES;
				CODE_SIGN_STYLE = Automatic;
				CURRENT_PROJECT_VERSION = 1;
				GENERATE_INFOPLIST_FILE = YES;
				MARKETING_VERSION = 1.0;
				PRODUCT_BUNDLE_IDENTIFIER = "Gwen.W5-Flag-Quiz-GameUITests";
				PRODUCT_NAME = "$(TARGET_NAME)";
				SWIFT_EMIT_LOC_STRINGS = NO;
				SWIFT_VERSION = 5.0;
				TARGETED_DEVICE_FAMILY = "1,2";
				TEST_TARGET_NAME = "W5_Flag Quiz Game";
			};
			name = Release;
		};
/* End XCBuildConfiguration section */

/* Begin XCConfigurationList section */
		04A8D5512ADB937900393B28 /* Build configuration list for PBXProject "W5_Flag Quiz Game" */ = {
			isa = XCConfigurationList;
			buildConfigurations = (
				04A8D5782ADB937C00393B28 /* Debug */,
				04A8D5792ADB937C00393B28 /* Release */,
			);
			defaultConfigurationIsVisible = 0;
			defaultConfigurationName = Release;
		};
		04A8D57A2ADB937C00393B28 /* Build configuration list for PBXNativeTarget "W5_Flag Quiz Game" */ = {
			isa = XCConfigurationList;
			buildConfigurations = (
				04A8D57B2ADB937C00393B28 /* Debug */,
				04A8D57C2ADB937C00393B28 /* Release */,
			);
			defaultConfigurationIsVisible = 0;
			defaultConfigurationName = Release;
		};
		04A8D57D2ADB937C00393B28 /* Build configuration list for PBXNativeTarget "W5_Flag Quiz GameTests" */ = {
			isa = XCConfigurationList;
			buildConfigurations = (
				04A8D57E2ADB937C00393B28 /* Debug */,
				04A8D57F2ADB937C00393B28 /* Release */,
			);
			defaultConfigurationIsVisible = 0;
			defaultConfigurationName = Release;
		};
		04A8D5802ADB937C00393B28 /* Build configuration list for PBXNativeTarget "W5_Flag Quiz GameUITests" */ = {
			isa = XCConfigurationList;
			buildConfigurations = (
				04A8D5812ADB937C00393B28 /* Debug */,
				04A8D5822ADB937C00393B28 /* Release */,
			);
			defaultConfigurationIsVisible = 0;
			defaultConfigurationName = Release;
		};
/* End XCConfigurationList section */
	};
	rootObject = 04A8D54E2ADB937900393B28 /* Project object */;
}
